
Microsoft Visual Studio Solution File, Format Version 12.00
# Visual Studio 15
VisualStudioVersion = 15.0.27130.2010
MinimumVisualStudioVersion = 10.0.40219.1
Project("{FAE04EC0-301F-11D3-BF4B-00C04F79EFBC}") = "Q4SRM", "Q4SRM\Q4SRM.csproj", "{D57CE760-06EA-4312-A5C5-C07308253047}"
EndProject
Project("{FAE04EC0-301F-11D3-BF4B-00C04F79EFBC}") = "SrmHeavyChecker", "SrmHeavyChecker\SrmHeavyChecker.csproj", "{DD526CA6-4787-42E2-846F-34818CD0AE62}"
EndProject
Project("{FAE04EC0-301F-11D3-BF4B-00C04F79EFBC}") = "SrmHeavyQCTests", "SrmHeavyQCTests\SrmHeavyQCTests.csproj", "{8EDF4429-251A-416D-BB68-93F227191BCF}"
EndProject
Global
	GlobalSection(SolutionConfigurationPlatforms) = preSolution
		Debug|Any CPU = Debug|Any CPU
		Release|Any CPU = Release|Any CPU
	EndGlobalSection
	GlobalSection(ProjectConfigurationPlatforms) = postSolution
		{D57CE760-06EA-4312-A5C5-C07308253047}.Debug|Any CPU.ActiveCfg = Debug|Any CPU
		{D57CE760-06EA-4312-A5C5-C07308253047}.Debug|Any CPU.Build.0 = Debug|Any CPU
		{D57CE760-06EA-4312-A5C5-C07308253047}.Release|Any CPU.ActiveCfg = Release|Any CPU
		{D57CE760-06EA-4312-A5C5-C07308253047}.Release|Any CPU.Build.0 = Release|Any CPU
		{DD526CA6-4787-42E2-846F-34818CD0AE62}.Debug|Any CPU.ActiveCfg = Debug|Any CPU
		{DD526CA6-4787-42E2-846F-34818CD0AE62}.Debug|Any CPU.Build.0 = Debug|Any CPU
		{DD526CA6-4787-42E2-846F-34818CD0AE62}.Release|Any CPU.ActiveCfg = Release|Any CPU
		{DD526CA6-4787-42E2-846F-34818CD0AE62}.Release|Any CPU.Build.0 = Release|Any CPU
		{8EDF4429-251A-416D-BB68-93F227191BCF}.Debug|Any CPU.ActiveCfg = Debug|Any CPU
		{8EDF4429-251A-416D-BB68-93F227191BCF}.Debug|Any CPU.Build.0 = Debug|Any CPU
		{8EDF4429-251A-416D-BB68-93F227191BCF}.Release|Any CPU.ActiveCfg = Release|Any CPU
		{8EDF4429-251A-416D-BB68-93F227191BCF}.Release|Any CPU.Build.0 = Release|Any CPU
	EndGlobalSection
	GlobalSection(SolutionProperties) = preSolution
		HideSolutionNode = FALSE
	EndGlobalSection
	GlobalSection(ExtensibilityGlobals) = postSolution
		SolutionGuid = {55DC1014-00BB-47B8-A061-DF127B33EAEB}
	EndGlobalSection
EndGlobal
