
Microsoft Visual Studio Solution File, Format Version 12.00
# Visual Studio 15
VisualStudioVersion = 15.0.27130.2010
MinimumVisualStudioVersion = 10.0.40219.1
Project("{FAE04EC0-301F-11D3-BF4B-00C04F79EFBC}") = "SrmHeavyQC", "SrmHeavyQC\SrmHeavyQC.csproj", "{D57CE760-06EA-4312-A5C5-C07308253047}"
EndProject
Global
	GlobalSection(SolutionConfigurationPlatforms) = preSolution
		Debug|Any CPU = Debug|Any CPU
		Release|Any CPU = Release|Any CPU
	EndGlobalSection
	GlobalSection(ProjectConfigurationPlatforms) = postSolution
		{D57CE760-06EA-4312-A5C5-C07308253047}.Debug|Any CPU.ActiveCfg = Debug|Any CPU
		{D57CE760-06EA-4312-A5C5-C07308253047}.Debug|Any CPU.Build.0 = Debug|Any CPU
		{D57CE760-06EA-4312-A5C5-C07308253047}.Release|Any CPU.ActiveCfg = Release|Any CPU
		{D57CE760-06EA-4312-A5C5-C07308253047}.Release|Any CPU.Build.0 = Release|Any CPU
	EndGlobalSection
	GlobalSection(SolutionProperties) = preSolution
		HideSolutionNode = FALSE
	EndGlobalSection
	GlobalSection(ExtensibilityGlobals) = postSolution
		SolutionGuid = {55DC1014-00BB-47B8-A061-DF127B33EAEB}
	EndGlobalSection
EndGlobal
